{
  "name": "@scure/btc-signer",
  "version": "1.8.1",
  "lockfileVersion": 3,
  "requires": true,
  "packages": {
    "": {
      "name": "@scure/btc-signer",
      "version": "1.8.1",
      "license": "MIT",
      "dependencies": {
        "@noble/curves": "2.0.0-beta.3",
        "@noble/hashes": "2.0.0-beta.5",
        "@scure/base": "2.0.0-beta.1",
        "micro-packed": "0.8.0-beta.1"
      },
      "devDependencies": {
        "@paulmillr/jsbt": "0.4.2",
        "@scure/bip32": "~1.7.0",
        "micro-bmark": "0.4.2",
        "micro-should": "0.5.3",
        "prettier": "3.6.2",
        "typescript": "5.9.2"
      },
      "funding": {
        "url": "https://paulmillr.com/funding/"
      }
    },
    "node_modules/@noble/curves": {
      "version": "2.0.0-beta.3",
      "resolved": "https://registry.npmjs.org/@noble/curves/-/curves-2.0.0-beta.3.tgz",
      "integrity": "sha512-OHdVTVGr9r/Gvq0fmFNMXroa7Xbv1i53mTiB4YrMQWvsvRo3KrH9E+tD2/Tr2qwpn90LX9CUfuEOUFk60u7/Bw==",
      "license": "MIT",
      "dependencies": {
        "@noble/hashes": "2.0.0-beta.5"
      },
      "engines": {
        "node": ">= 20.19.0"
      },
      "funding": {
        "url": "https://paulmillr.com/funding/"
      }
    },
    "node_modules/@noble/hashes": {
      "version": "2.0.0-beta.5",
      "resolved": "https://registry.npmjs.org/@noble/hashes/-/hashes-2.0.0-beta.5.tgz",
      "integrity": "sha512-v3Q6oF/QtOKfzmpF6XRnfRgzF0UK5sTFrL2F+EGlxQblDtF/VzZs7CG4eegOJBYJcNdGXHWOvcI04PpoUFqUUg==",
      "license": "MIT",
      "engines": {
        "node": ">= 20.19.0"
      },
      "funding": {
        "url": "https://paulmillr.com/funding/"
      }
    },
    "node_modules/@paulmillr/jsbt": {
      "version": "0.4.2",
      "resolved": "https://registry.npmjs.org/@paulmillr/jsbt/-/jsbt-0.4.2.tgz",
      "integrity": "sha512-PvuUS1RcN/6lONBl35joRmTAXPVyIzof2+APbWyfTGw4mdruoVNRJyhkF+CNw8A414m2FkyPS0xFbRfF/9soDw==",
      "dev": true,
      "license": "MIT",
      "bin": {
        "jsbt": "jsbt.js"
      }
    },
    "node_modules/@scure/base": {
      "version": "2.0.0-beta.1",
      "resolved": "https://registry.npmjs.org/@scure/base/-/base-2.0.0-beta.1.tgz",
      "integrity": "sha512-f8h3HNTGa5vQtSHh+D85L2wAW2S6pk4ImEA2zZ2h39oqbRvNhhUXu6a2UmAn4zbzuWFgwMGVUbYe9oxqYTKW8Q==",
      "license": "MIT",
      "funding": {
        "url": "https://paulmillr.com/funding/"
      }
    },
    "node_modules/@scure/bip32": {
      "version": "1.7.0",
      "resolved": "https://registry.npmjs.org/@scure/bip32/-/bip32-1.7.0.tgz",
      "integrity": "sha512-E4FFX/N3f4B80AKWp5dP6ow+flD1LQZo/w8UnLGYZO674jS6YnYeepycOOksv+vLPSpgN35wgKgy+ybfTb2SMw==",
      "dev": true,
      "license": "MIT",
      "dependencies": {
        "@noble/curves": "~1.9.0",
        "@noble/hashes": "~1.8.0",
        "@scure/base": "~1.2.5"
      },
      "funding": {
        "url": "https://paulmillr.com/funding/"
      }
    },
    "node_modules/@scure/bip32/node_modules/@noble/curves": {
      "version": "1.9.6",
      "resolved": "https://registry.npmjs.org/@noble/curves/-/curves-1.9.6.tgz",
      "integrity": "sha512-GIKz/j99FRthB8icyJQA51E8Uk5hXmdyThjgQXRKiv9h0zeRlzSCLIzFw6K1LotZ3XuB7yzlf76qk7uBmTdFqA==",
      "dev": true,
      "license": "MIT",
      "dependencies": {
        "@noble/hashes": "1.8.0"
      },
      "engines": {
        "node": "^14.21.3 || >=16"
      },
      "funding": {
        "url": "https://paulmillr.com/funding/"
      }
    },
    "node_modules/@scure/bip32/node_modules/@noble/hashes": {
      "version": "1.8.0",
      "resolved": "https://registry.npmjs.org/@noble/hashes/-/hashes-1.8.0.tgz",
      "integrity": "sha512-jCs9ldd7NwzpgXDIf6P3+NrHh9/sD6CQdxHyjQI+h/6rDNo88ypBxxz45UDuZHz9r3tNz7N/VInSVoVdtXEI4A==",
      "dev": true,
      "license": "MIT",
      "engines": {
        "node": "^14.21.3 || >=16"
      },
      "funding": {
        "url": "https://paulmillr.com/funding/"
      }
    },
    "node_modules/@scure/bip32/node_modules/@scure/base": {
      "version": "1.2.6",
      "resolved": "https://registry.npmjs.org/@scure/base/-/base-1.2.6.tgz",
      "integrity": "sha512-g/nm5FgUa//MCj1gV09zTJTaM6KBAHqLN907YVQqf7zC49+DcO4B1so4ZX07Ef10Twr6nuqYEH9GEggFXA4Fmg==",
      "dev": true,
      "license": "MIT",
      "funding": {
        "url": "https://paulmillr.com/funding/"
      }
    },
    "node_modules/micro-bmark": {
      "version": "0.4.2",
      "resolved": "https://registry.npmjs.org/micro-bmark/-/micro-bmark-0.4.2.tgz",
      "integrity": "sha512-0M16Yxj6F1t0ZJoCT7xmHuM3AWm2d4NafAZamJFV++ZDD8uMtRMk7Nsq23LjHCSy246AqIBOLDGfeIoJBpipvg==",
      "dev": true,
      "license": "MIT"
    },
    "node_modules/micro-packed": {
      "version": "0.8.0-beta.1",
      "resolved": "https://registry.npmjs.org/micro-packed/-/micro-packed-0.8.0-beta.1.tgz",
      "integrity": "sha512-NEyvCFIOAckUud+WzmRl1k6rQNeyH1HsG8SU1Rci+rPo8+qlSi6NOLGcz3EItRMUNRQ5P1sloYkCM8azmbEJ5w==",
      "license": "MIT",
      "dependencies": {
        "@scure/base": "2.0.0-beta.1"
      },
      "engines": {
        "node": ">= 20.19.0"
      },
      "funding": {
        "url": "https://paulmillr.com/funding/"
      }
    },
    "node_modules/micro-should": {
      "version": "0.5.3",
      "resolved": "https://registry.npmjs.org/micro-should/-/micro-should-0.5.3.tgz",
      "integrity": "sha512-3gEuTzROE856pZSijMD5NonIrQTEGLdkMKj42S2JCqpXiaqQdoSqEd/mTonelAT0ZNwheY7pA/w6eAotQTXeWQ==",
      "dev": true,
      "license": "MIT"
    },
    "node_modules/prettier": {
      "version": "3.6.2",
      "resolved": "https://registry.npmjs.org/prettier/-/prettier-3.6.2.tgz",
      "integrity": "sha512-I7AIg5boAr5R0FFtJ6rCfD+LFsWHp81dolrFD8S79U9tb8Az2nGrJncnMSnys+bpQJfRUzqs9hnA81OAA3hCuQ==",
      "dev": true,
      "license": "MIT",
      "bin": {
        "prettier": "bin/prettier.cjs"
      },
      "engines": {
        "node": ">=14"
      },
      "funding": {
        "url": "https://github.com/prettier/prettier?sponsor=1"
      }
    },
    "node_modules/typescript": {
      "version": "5.9.2",
      "resolved": "https://registry.npmjs.org/typescript/-/typescript-5.9.2.tgz",
      "integrity": "sha512-CWBzXQrc/qOkhidw1OzBTQuYRbfyxDXJMVJ1XNwUHGROVmuaeiEm3OslpZ1RV96d7SKKjZKrSJu3+t/xlw3R9A==",
      "dev": true,
      "license": "Apache-2.0",
      "bin": {
        "tsc": "bin/tsc",
        "tsserver": "bin/tsserver"
      },
      "engines": {
        "node": ">=14.17"
      }
    }
  }
}
